
Microsoft Visual Studio Solution File, Format Version 12.00
# Visual Studio Version 16
VisualStudioVersion = 16.0.30114.105
MinimumVisualStudioVersion = 10.0.40219.1
Project("{FAE04EC0-301F-11D3-BF4B-00C04F79EFBC}") = "CustomLibrary", "CustomLibrary\CustomLibrary.csproj", "{90EE0E7F-105D-4193-B7BA-9456D847A68C}"
EndProject
Global
	GlobalSection(SolutionConfigurationPlatforms) = preSolution
		Debug|Any CPU = Debug|Any CPU
		Release|Any CPU = Release|Any CPU
	EndGlobalSection
	GlobalSection(ProjectConfigurationPlatforms) = postSolution
		{90EE0E7F-105D-4193-B7BA-9456D847A68C}.Debug|Any CPU.ActiveCfg = Debug|Any CPU
		{90EE0E7F-105D-4193-B7BA-9456D847A68C}.Debug|Any CPU.Build.0 = Debug|Any CPU
		{90EE0E7F-105D-4193-B7BA-9456D847A68C}.Release|Any CPU.ActiveCfg = Release|Any CPU
		{90EE0E7F-105D-4193-B7BA-9456D847A68C}.Release|Any CPU.Build.0 = Release|Any CPU
	EndGlobalSection
	GlobalSection(SolutionProperties) = preSolution
		HideSolutionNode = FALSE
	EndGlobalSection
	GlobalSection(ExtensibilityGlobals) = postSolution
		SolutionGuid = {CBA397FC-FAA9-41C8-9B0D-73749CE5CA2E}
	EndGlobalSection
EndGlobal
